
Microsoft Visual Studio Solution File, Format Version 12.00
# Visual Studio Version 17
VisualStudioVersion = 17.11.35222.181
MinimumVisualStudioVersion = 10.0.40219.1
Project("{FAE04EC0-301F-11D3-BF4B-00C04F79EFBC}") = "HexConverter", "HexConverter\HexConverter.csproj", "{396D88F0-5885-4CC9-8A2C-A9111C0DC584}"
EndProject
Global
	GlobalSection(SolutionConfigurationPlatforms) = preSolution
		Debug|Any CPU = Debug|Any CPU
		Release|Any CPU = Release|Any CPU
	EndGlobalSection
	GlobalSection(ProjectConfigurationPlatforms) = postSolution
		{396D88F0-5885-4CC9-8A2C-A9111C0DC584}.Debug|Any CPU.ActiveCfg = Debug|Any CPU
		{396D88F0-5885-4CC9-8A2C-A9111C0DC584}.Debug|Any CPU.Build.0 = Debug|Any CPU
		{396D88F0-5885-4CC9-8A2C-A9111C0DC584}.Release|Any CPU.ActiveCfg = Release|Any CPU
		{396D88F0-5885-4CC9-8A2C-A9111C0DC584}.Release|Any CPU.Build.0 = Release|Any CPU
	EndGlobalSection
	GlobalSection(SolutionProperties) = preSolution
		HideSolutionNode = FALSE
	EndGlobalSection
	GlobalSection(ExtensibilityGlobals) = postSolution
		SolutionGuid = {8081CC00-8516-4301-9854-31AF14468878}
	EndGlobalSection
EndGlobal
